github.com/SENERGY-Platform/go-service-base/sql-db-hdl v0.0.1 h1:g6YZsPqnp3+cmr4kra1+3WlEg0/OHt0SV/Q+GS4yDN4=
github.com/SENERGY-Platform/go-service-base/sql-db-hdl v0.0.1/go.mod h1:igE7blXWl+cZIaUGmKlQHgo1FtPNscv5MVqiY1LzpK4=
github.com/SENERGY-Platform/go-service-base/srv-info-hdl v0.0.3 h1:/A2bZFh3Aol1uXuR0YAxVB4POcRSshBIG2qfIEIW+gg=
github.com/SENERGY-Platform/go-service-base/srv-info-hdl v0.0.3/go.mod h1:Go9v41HF8FYnGr40jnzl8pfT7xvls3HXinJOiPj4Yh0=
github.com/SENERGY-Platform/go-service-base/srv-info-hdl/lib v0.0.2 h1:Bcdxt7i3DGGvlwS6U3NY9eGJjiPuv3ZpbMwebEUV+nE=
github.com/SENERGY-Platform/go-service-base/srv-info-hdl/lib v0.0.2/go.mod h1:vcvyLaSoZsScGQ8K/OuJxlANTs5FPozsLvPzFUZgiVM=
github.com/SENERGY-Platform/go-service-base/util v1.0.0 h1:zxhKOn/9I1aRe5Fjvzj8g9rTWcdRsUl+vcgdI1Ph7Hg=
github.com/SENERGY-Platform/go-service-base/util v1.0.0/go.mod h1:u1wXTQAfjKo+4tgXb6HDkVUpaxJR46SEN5qqEi5cliE=
github.com/SENERGY-Platform/go-service-base/watchdog v0.4.2 h1:y88XOKuUbJdwvtDgUj9h2vTI+gwZvyB1giwoMvStrGI=
github.com/SENERGY-Platform/go-service-base/watchdog v0.4.2/go.mod h1:g3L+QFVvGghsnOsB4V1dkoq4egiFGUoD1x83g2H6Imw=
github.com/mattn/go-sqlite3 v1.14.22 h1:2gZY6PC6kBnID23Tichd1K+Z0oS6nE/XwU+Vz/5o4kU=
github.com/mattn/go-sqlite3 v1.14.22/go.mod h1:Uh1q+B4BYcTPb+yiD3kU8Ct7aC0hY9fxUwlHK0RXw+Y=
github.com/y-du/go-env-loader v0.5.2 h1:LxubTfx7zl1VpBNzUQidSp3yub3/7mxMg63QSuRlhd4=
github.com/y-du/go-env-loader v0.5.2/go.mod h1:QBaFGtrTdp4eiMUjg9UFf1F3TzbEbUhWDeHYyEsqs8Y=
github.com/y-du/go-log-level v1.0.0 h1:Q4Ffqxmf/tn9DBbOMwcjEGkWwQyYMwPn+FR06k5HJ70=
github.com/y-du/go-log-level v1.0.0/go.mod h1:lhCvJlDCuSC9GfmtVDXuXc7lbbAd8igxl58qK8SjPX8=
